
Microsoft Visual Studio Solution File, Format Version 12.00
# Visual Studio 14
VisualStudioVersion = 14.0.23107.0
MinimumVisualStudioVersion = 10.0.40219.1
Project("{FAE04EC0-301F-11D3-BF4B-00C04F79EFBC}") = "FamilyChristmas", "FamilyChristmas\FamilyChristmas.csproj", "{F90C6449-3932-40AF-915E-ECE1AD133FFE}"
EndProject
Project("{FAE04EC0-301F-11D3-BF4B-00C04F79EFBC}") = "ChristmasWeb", "ChristmasWeb\ChristmasWeb.csproj", "{B4926ECD-EC1C-4B2E-A6D0-A0E1D7D890FB}"
EndProject
Project("{2150E333-8FDC-42A3-9474-1A3956D46DE8}") = "PublishScripts", "PublishScripts", "{D1DC1F06-B908-4BF6-8BFB-531DB36F8103}"
	ProjectSection(SolutionItems) = preProject
		PublishScripts\AzureVMPublishModule.psm1 = PublishScripts\AzureVMPublishModule.psm1
		PublishScripts\Publish-WebApplicationVM.ps1 = PublishScripts\Publish-WebApplicationVM.ps1
	EndProjectSection
EndProject
Project("{2150E333-8FDC-42A3-9474-1A3956D46DE8}") = "Configurations", "Configurations", "{68FB88B9-0BE3-48ED-814B-A009FB5E23DE}"
	ProjectSection(SolutionItems) = preProject
		PublishScripts\Configurations\ChristmasWeb-WAWS-dev.json = PublishScripts\Configurations\ChristmasWeb-WAWS-dev.json
	EndProjectSection
EndProject
Global
	GlobalSection(SolutionConfigurationPlatforms) = preSolution
		Debug|Any CPU = Debug|Any CPU
		Release|Any CPU = Release|Any CPU
	EndGlobalSection
	GlobalSection(ProjectConfigurationPlatforms) = postSolution
		{F90C6449-3932-40AF-915E-ECE1AD133FFE}.Debug|Any CPU.ActiveCfg = Debug|Any CPU
		{F90C6449-3932-40AF-915E-ECE1AD133FFE}.Debug|Any CPU.Build.0 = Debug|Any CPU
		{F90C6449-3932-40AF-915E-ECE1AD133FFE}.Release|Any CPU.ActiveCfg = Release|Any CPU
		{F90C6449-3932-40AF-915E-ECE1AD133FFE}.Release|Any CPU.Build.0 = Release|Any CPU
		{B4926ECD-EC1C-4B2E-A6D0-A0E1D7D890FB}.Debug|Any CPU.ActiveCfg = Debug|Any CPU
		{B4926ECD-EC1C-4B2E-A6D0-A0E1D7D890FB}.Debug|Any CPU.Build.0 = Debug|Any CPU
		{B4926ECD-EC1C-4B2E-A6D0-A0E1D7D890FB}.Release|Any CPU.ActiveCfg = Release|Any CPU
		{B4926ECD-EC1C-4B2E-A6D0-A0E1D7D890FB}.Release|Any CPU.Build.0 = Release|Any CPU
	EndGlobalSection
	GlobalSection(SolutionProperties) = preSolution
		HideSolutionNode = FALSE
	EndGlobalSection
	GlobalSection(NestedProjects) = preSolution
		{68FB88B9-0BE3-48ED-814B-A009FB5E23DE} = {D1DC1F06-B908-4BF6-8BFB-531DB36F8103}
	EndGlobalSection
EndGlobal
